{
  "nodes": {
    "config": {
      "inputs": {
        "nixpkgs": "nixpkgs"
      },
      "locked": {
        "lastModified": 1735029278,
        "narHash": "sha256-PPxjDquGbxbuzZpr7jVBXWY72X5qB+YNwN02rUw6MTU=",
        "owner": "quantum9innovation",
        "repo": "netsanet",
        "rev": "a97f4a4d847cdd3d0a7d1e4fe418833737c98257",
        "type": "github"
      },
      "original": {
        "owner": "quantum9innovation",
        "ref": "main",
        "repo": "netsanet",
        "type": "github"
      }
    },
    "crane": {
      "inputs": {
        "nixpkgs": [
          "quasaros",
          "lanzaboote",
          "nixpkgs"
        ]
      },
      "locked": {
        "lastModified": 1717535930,
        "narHash": "sha256-1hZ/txnbd/RmiBPNUs7i8UQw2N89uAK3UzrGAWdnFfU=",
        "owner": "ipetkov",
        "repo": "crane",
        "rev": "55e7754ec31dac78980c8be45f8a28e80e370946",
        "type": "github"
      },
      "original": {
        "owner": "ipetkov",
        "repo": "crane",
        "type": "github"
      }
    },
    "flake-compat": {
      "flake": false,
      "locked": {
        "lastModified": 1696426674,
        "narHash": "sha256-kvjfFW7WAETZlt09AgDn1MrtKzP7t90Vf7vypd3OL1U=",
        "owner": "edolstra",
        "repo": "flake-compat",
        "rev": "0f9255e01c2351cc7d116c072cb317785dd33b33",
        "type": "github"
      },
      "original": {
        "owner": "edolstra",
        "repo": "flake-compat",
        "type": "github"
      }
    },
    "flake-parts": {
      "inputs": {
        "nixpkgs-lib": [
          "quasaros",
          "lanzaboote",
          "nixpkgs"
        ]
      },
      "locked": {
        "lastModified": 1717285511,
        "narHash": "sha256-iKzJcpdXih14qYVcZ9QC9XuZYnPc6T8YImb6dX166kw=",
        "owner": "hercules-ci",
        "repo": "flake-parts",
        "rev": "2a55567fcf15b1b1c7ed712a2c6fadaec7412ea8",
        "type": "github"
      },
      "original": {
        "owner": "hercules-ci",
        "repo": "flake-parts",
        "type": "github"
      }
    },
    "flake-utils": {
      "inputs": {
        "systems": "systems"
      },
      "locked": {
        "lastModified": 1710146030,
        "narHash": "sha256-SZ5L6eA7HJ/nmkzGG7/ISclqe6oZdOZTNoesiInkXPQ=",
        "owner": "numtide",
        "repo": "flake-utils",
        "rev": "b1d9ab70662946ef0850d488da1c9019f3a9752a",
        "type": "github"
      },
      "original": {
        "owner": "numtide",
        "repo": "flake-utils",
        "type": "github"
      }
    },
    "gitbutler": {
      "inputs": {
        "nixpkgs": [
          "quasaros",
          "nixpkgs"
        ]
      },
      "locked": {
        "lastModified": 1735250548,
        "narHash": "sha256-v/Ohimbhp2qFMHUIzbwpiS+dbz+4ZzjzyoE6IoWkWx0=",
        "owner": "youwen5",
        "repo": "gitbutler-flake",
        "rev": "448e9a784f2310f73b0b2f4f16dc35d31b3bf8d9",
        "type": "github"
      },
      "original": {
        "owner": "youwen5",
        "repo": "gitbutler-flake",
        "type": "github"
      }
    },
    "gitignore": {
      "inputs": {
        "nixpkgs": [
          "quasaros",
          "lanzaboote",
          "pre-commit-hooks-nix",
          "nixpkgs"
        ]
      },
      "locked": {
        "lastModified": 1709087332,
        "narHash": "sha256-HG2cCnktfHsKV0s4XW83gU3F57gaTljL9KNSuG6bnQs=",
        "owner": "hercules-ci",
        "repo": "gitignore.nix",
        "rev": "637db329424fd7e46cf4185293b9cc8c88c95394",
        "type": "github"
      },
      "original": {
        "owner": "hercules-ci",
        "repo": "gitignore.nix",
        "type": "github"
      }
    },
    "home-manager": {
      "inputs": {
        "nixpkgs": [
          "quasaros",
          "nixpkgs"
        ]
      },
      "locked": {
        "lastModified": 1735343815,
        "narHash": "sha256-p7IJP/97zJda/wwCn1T2LJBz4olF5LjNf4uwhuyvARo=",
        "owner": "nix-community",
        "repo": "home-manager",
        "rev": "b7a7cd5dd1a74a9fe86ed4e016f91c78483b527a",
        "type": "github"
      },
      "original": {
        "owner": "nix-community",
        "repo": "home-manager",
        "type": "github"
      }
    },
    "lanzaboote": {
      "inputs": {
        "crane": "crane",
        "flake-compat": "flake-compat",
        "flake-parts": "flake-parts",
        "flake-utils": "flake-utils",
        "nixpkgs": [
          "quasaros",
          "nixpkgs"
        ],
        "pre-commit-hooks-nix": "pre-commit-hooks-nix",
        "rust-overlay": "rust-overlay"
      },
      "locked": {
        "lastModified": 1718178907,
        "narHash": "sha256-eSZyrQ9uoPB9iPQ8Y5H7gAmAgAvCw3InStmU3oEjqsE=",
        "owner": "nix-community",
        "repo": "lanzaboote",
        "rev": "b627ccd97d0159214cee5c7db1412b75e4be6086",
        "type": "github"
      },
      "original": {
        "owner": "nix-community",
        "ref": "v0.4.1",
        "repo": "lanzaboote",
        "type": "github"
      }
    },
    "nixpkgs": {
      "locked": {
        "lastModified": 1734649271,
        "narHash": "sha256-4EVBRhOjMDuGtMaofAIqzJbg4Ql7Ai0PSeuVZTHjyKQ=",
        "owner": "nixos",
        "repo": "nixpkgs",
        "rev": "d70bd19e0a38ad4790d3913bf08fcbfc9eeca507",
        "type": "github"
      },
      "original": {
        "owner": "nixos",
        "ref": "nixos-unstable",
        "repo": "nixpkgs",
        "type": "github"
      }
    },
    "nixpkgs-stable": {
      "locked": {
        "lastModified": 1710695816,
        "narHash": "sha256-3Eh7fhEID17pv9ZxrPwCLfqXnYP006RKzSs0JptsN84=",
        "owner": "NixOS",
        "repo": "nixpkgs",
        "rev": "614b4613980a522ba49f0d194531beddbb7220d3",
        "type": "github"
      },
      "original": {
        "owner": "NixOS",
        "ref": "nixos-23.11",
        "repo": "nixpkgs",
        "type": "github"
      }
    },
    "nixpkgs-upstream": {
      "locked": {
        "lastModified": 1735313270,
        "narHash": "sha256-6m08yDqcavZfM8/54T6y1hCu2t7YxbjMKSrVfT7XtU0=",
        "owner": "nixos",
        "repo": "nixpkgs",
        "rev": "ec49f73ab08d3fc5e2aba96f148f2bb25bcc23c3",
        "type": "github"
      },
      "original": {
        "owner": "nixos",
        "ref": "nixos-unstable-small",
        "repo": "nixpkgs",
        "type": "github"
      }
    },
    "nixpkgs_2": {
      "locked": {
        "lastModified": 1735471104,
        "narHash": "sha256-0q9NGQySwDQc7RhAV2ukfnu7Gxa5/ybJ2ANT8DQrQrs=",
        "owner": "nixos",
        "repo": "nixpkgs",
        "rev": "88195a94f390381c6afcdaa933c2f6ff93959cb4",
        "type": "github"
      },
      "original": {
        "owner": "nixos",
        "ref": "nixos-unstable",
        "repo": "nixpkgs",
        "type": "github"
      }
    },
    "nixpkgs_3": {
      "locked": {
        "lastModified": 1735291276,
        "narHash": "sha256-NYVcA06+blsLG6wpAbSPTCyLvxD/92Hy4vlY9WxFI1M=",
        "owner": "nixos",
        "repo": "nixpkgs",
        "rev": "634fd46801442d760e09493a794c4f15db2d0cbb",
        "type": "github"
      },
      "original": {
        "owner": "nixos",
        "ref": "nixos-unstable",
        "repo": "nixpkgs",
        "type": "github"
      }
    },
    "pre-commit-hooks-nix": {
      "inputs": {
        "flake-compat": [
          "quasaros",
          "lanzaboote",
          "flake-compat"
        ],
        "gitignore": "gitignore",
        "nixpkgs": [
          "quasaros",
          "lanzaboote",
          "nixpkgs"
        ],
        "nixpkgs-stable": "nixpkgs-stable"
      },
      "locked": {
        "lastModified": 1717664902,
        "narHash": "sha256-7XfBuLULizXjXfBYy/VV+SpYMHreNRHk9nKMsm1bgb4=",
        "owner": "cachix",
        "repo": "pre-commit-hooks.nix",
        "rev": "cc4d466cb1254af050ff7bdf47f6d404a7c646d1",
        "type": "github"
      },
      "original": {
        "owner": "cachix",
        "repo": "pre-commit-hooks.nix",
        "type": "github"
      }
    },
    "quasaros": {
      "inputs": {
        "gitbutler": "gitbutler",
        "home-manager": "home-manager",
        "lanzaboote": "lanzaboote",
        "nixpkgs": "nixpkgs_3",
        "nixpkgs-upstream": "nixpkgs-upstream",
        "zen-browser": "zen-browser"
      },
      "locked": {
        "lastModified": 1735608828,
        "narHash": "sha256-SXI7leDeCd/sj4QycoG2X4O5N3q65LsAN7YadZy95iM=",
        "owner": "quantum9innovation",
        "repo": "quasaros",
        "rev": "5560ffeec50ecc88d34df9ac8a722ec97c8c6d44",
        "type": "github"
      },
      "original": {
        "owner": "quantum9innovation",
        "ref": "main",
        "repo": "quasaros",
        "type": "github"
      }
    },
    "root": {
      "inputs": {
        "config": "config",
        "nixpkgs": "nixpkgs_2",
        "quasaros": "quasaros"
      }
    },
    "rust-overlay": {
      "inputs": {
        "flake-utils": [
          "quasaros",
          "lanzaboote",
          "flake-utils"
        ],
        "nixpkgs": [
          "quasaros",
          "lanzaboote",
          "nixpkgs"
        ]
      },
      "locked": {
        "lastModified": 1717813066,
        "narHash": "sha256-wqbRwq3i7g5EHIui0bIi84mdqZ/It1AXBSLJ5tafD28=",
        "owner": "oxalica",
        "repo": "rust-overlay",
        "rev": "6dc3e45fe4aee36efeed24d64fc68b1f989d5465",
        "type": "github"
      },
      "original": {
        "owner": "oxalica",
        "repo": "rust-overlay",
        "type": "github"
      }
    },
    "systems": {
      "locked": {
        "lastModified": 1681028828,
        "narHash": "sha256-Vy1rq5AaRuLzOxct8nz4T6wlgyUR7zLU309k9mBC768=",
        "owner": "nix-systems",
        "repo": "default",
        "rev": "da67096a3b9bf56a91d16901293e51ba5b49a27e",
        "type": "github"
      },
      "original": {
        "owner": "nix-systems",
        "repo": "default",
        "type": "github"
      }
    },
    "zen-browser": {
      "inputs": {
        "nixpkgs": [
          "quasaros",
          "nixpkgs"
        ]
      },
      "locked": {
        "lastModified": 1735602790,
        "narHash": "sha256-t5yiupAqYyEwqkZLOfPBzNskCiQ4k/2U2uJraILFrGc=",
        "owner": "quantum9innovation",
        "repo": "zen-browser-twilight-flake",
        "rev": "596ff1352e49dfadfb587c28b855ae8c0e3a0a78",
        "type": "github"
      },
      "original": {
        "owner": "quantum9innovation",
        "repo": "zen-browser-twilight-flake",
        "type": "github"
      }
    }
  },
  "root": "root",
  "version": 7
}
